
Microsoft Visual Studio Solution File, Format Version 12.00
# Visual Studio Version 17
VisualStudioVersion = 17.11.35327.3
MinimumVisualStudioVersion = 10.0.40219.1
Project("{8BC9CEB8-8B4A-11D0-8D11-00A0C91BC942}") = "Part1", "Part1\Part1.vcxproj", "{A00D39E6-02C2-47C5-A210-EF38E315EAD7}"
EndProject
Project("{8BC9CEB8-8B4A-11D0-8D11-00A0C91BC942}") = "Part2", "Part2\Part2.vcxproj", "{F2220E49-7079-4566-BCC3-03AF2A55CA39}"
EndProject
Global
	GlobalSection(SolutionConfigurationPlatforms) = preSolution
		Debug|x64 = Debug|x64
		Debug|x86 = Debug|x86
		Release|x64 = Release|x64
		Release|x86 = Release|x86
	EndGlobalSection
	GlobalSection(ProjectConfigurationPlatforms) = postSolution
		{A00D39E6-02C2-47C5-A210-EF38E315EAD7}.Debug|x64.ActiveCfg = Debug|x64
		{A00D39E6-02C2-47C5-A210-EF38E315EAD7}.Debug|x64.Build.0 = Debug|x64
		{A00D39E6-02C2-47C5-A210-EF38E315EAD7}.Debug|x86.ActiveCfg = Debug|Win32
		{A00D39E6-02C2-47C5-A210-EF38E315EAD7}.Debug|x86.Build.0 = Debug|Win32
		{A00D39E6-02C2-47C5-A210-EF38E315EAD7}.Release|x64.ActiveCfg = Release|x64
		{A00D39E6-02C2-47C5-A210-EF38E315EAD7}.Release|x64.Build.0 = Release|x64
		{A00D39E6-02C2-47C5-A210-EF38E315EAD7}.Release|x86.ActiveCfg = Release|Win32
		{A00D39E6-02C2-47C5-A210-EF38E315EAD7}.Release|x86.Build.0 = Release|Win32
		{F2220E49-7079-4566-BCC3-03AF2A55CA39}.Debug|x64.ActiveCfg = Debug|x64
		{F2220E49-7079-4566-BCC3-03AF2A55CA39}.Debug|x64.Build.0 = Debug|x64
		{F2220E49-7079-4566-BCC3-03AF2A55CA39}.Debug|x86.ActiveCfg = Debug|Win32
		{F2220E49-7079-4566-BCC3-03AF2A55CA39}.Debug|x86.Build.0 = Debug|Win32
		{F2220E49-7079-4566-BCC3-03AF2A55CA39}.Release|x64.ActiveCfg = Release|x64
		{F2220E49-7079-4566-BCC3-03AF2A55CA39}.Release|x64.Build.0 = Release|x64
		{F2220E49-7079-4566-BCC3-03AF2A55CA39}.Release|x86.ActiveCfg = Release|Win32
		{F2220E49-7079-4566-BCC3-03AF2A55CA39}.Release|x86.Build.0 = Release|Win32
	EndGlobalSection
	GlobalSection(SolutionProperties) = preSolution
		HideSolutionNode = FALSE
	EndGlobalSection
	GlobalSection(ExtensibilityGlobals) = postSolution
		SolutionGuid = {248B5A33-CDE2-4A0A-870C-D56E1D04F77B}
	EndGlobalSection
EndGlobal
